
Microsoft Visual Studio Solution File, Format Version 12.00
Project("{2150E333-8FDC-42A3-9474-1A3956D46DE8}") = "Backend", "Backend", "{94F62029-26DA-4B81-AC8F-84FC588FDA24}"
EndProject
Project("{2150E333-8FDC-42A3-9474-1A3956D46DE8}") = "Frontend", "Frontend", "{EC48178C-C6AE-4301-9509-A58F5064ED4F}"
EndProject
Project("{2150E333-8FDC-42A3-9474-1A3956D46DE8}") = "Deployment", "Deployment", "{93C24224-B326-480D-AF45-B2850468A77E}"
EndProject
Project("{2150E333-8FDC-42A3-9474-1A3956D46DE8}") = "Identity", "Identity", "{5AB61ACA-9DD2-4E6B-81C5-8EB857B86237}"
EndProject
Project("{2150E333-8FDC-42A3-9474-1A3956D46DE8}") = "Core", "Core", "{466779E9-5C31-4A34-BE7C-BE2E17A25BA6}"
EndProject
Project("{2150E333-8FDC-42A3-9474-1A3956D46DE8}") = "Tests", "Tests", "{757C6CC2-6320-4BBC-B832-894C7A8B0AD8}"
EndProject
Project("{2150E333-8FDC-42A3-9474-1A3956D46DE8}") = "External", "External", "{21D4E07D-4D36-4ACB-B8EB-B6119D7E159C}"
EndProject
Project("{FAE04EC0-301F-11D3-BF4B-00C04F79EFBC}") = "Identity.Domain", "Backend\Identity\Core\Identity.Domain\Identity.Domain.csproj", "{FB71953F-F24B-46D2-90F2-CE2731D6FB4C}"
EndProject
Project("{2150E333-8FDC-42A3-9474-1A3956D46DE8}") = "Utils", "Utils", "{97F4A0F0-BB5E-4204-9D04-5AEE1CCC843D}"
EndProject
Project("{FAE04EC0-301F-11D3-BF4B-00C04F79EFBC}") = "Results", "Backend\Utils\Results\Results.csproj", "{A7ED9132-D68A-4CA3-BFF9-2437D63D4980}"
EndProject
Project("{FAE04EC0-301F-11D3-BF4B-00C04F79EFBC}") = "Identity.Application", "Backend\Identity\Core\Identity.Application\Identity.Application.csproj", "{D7FA61B2-9456-40D5-8B24-BBB3447D1AE7}"
EndProject
Project("{2150E333-8FDC-42A3-9474-1A3956D46DE8}") = "EntryPoint", "EntryPoint", "{59139BBE-8FAC-46BC-9DA9-CD242822E3BC}"
EndProject
Project("{FAE04EC0-301F-11D3-BF4B-00C04F79EFBC}") = "EntryPoint.WebApi", "Backend\EntryPoint\EntryPoint.WebApi\EntryPoint.WebApi.csproj", "{D268E6CD-AC91-4C29-A749-198FE4E5BBEE}"
EndProject
Project("{FAE04EC0-301F-11D3-BF4B-00C04F79EFBC}") = "Identity.Infrastructure", "Backend\Identity\External\Identity.Infrastructure\Identity.Infrastructure.csproj", "{128A9C54-F76C-4FE5-8E15-76B9D86DB8E8}"
EndProject
Project("{FAE04EC0-301F-11D3-BF4B-00C04F79EFBC}") = "Identity.Persistence", "Backend\Identity\External\Identity.Persistence\Identity.Persistence.csproj", "{2CEC067E-0DBE-471D-BB48-0874542C0847}"
EndProject
Global
	GlobalSection(SolutionConfigurationPlatforms) = preSolution
		Debug|Any CPU = Debug|Any CPU
		Release|Any CPU = Release|Any CPU
	EndGlobalSection
	GlobalSection(NestedProjects) = preSolution
		{5AB61ACA-9DD2-4E6B-81C5-8EB857B86237} = {94F62029-26DA-4B81-AC8F-84FC588FDA24}
		{466779E9-5C31-4A34-BE7C-BE2E17A25BA6} = {5AB61ACA-9DD2-4E6B-81C5-8EB857B86237}
		{757C6CC2-6320-4BBC-B832-894C7A8B0AD8} = {5AB61ACA-9DD2-4E6B-81C5-8EB857B86237}
		{21D4E07D-4D36-4ACB-B8EB-B6119D7E159C} = {5AB61ACA-9DD2-4E6B-81C5-8EB857B86237}
		{FB71953F-F24B-46D2-90F2-CE2731D6FB4C} = {466779E9-5C31-4A34-BE7C-BE2E17A25BA6}
		{97F4A0F0-BB5E-4204-9D04-5AEE1CCC843D} = {94F62029-26DA-4B81-AC8F-84FC588FDA24}
		{A7ED9132-D68A-4CA3-BFF9-2437D63D4980} = {97F4A0F0-BB5E-4204-9D04-5AEE1CCC843D}
		{D7FA61B2-9456-40D5-8B24-BBB3447D1AE7} = {466779E9-5C31-4A34-BE7C-BE2E17A25BA6}
		{59139BBE-8FAC-46BC-9DA9-CD242822E3BC} = {94F62029-26DA-4B81-AC8F-84FC588FDA24}
		{D268E6CD-AC91-4C29-A749-198FE4E5BBEE} = {59139BBE-8FAC-46BC-9DA9-CD242822E3BC}
		{128A9C54-F76C-4FE5-8E15-76B9D86DB8E8} = {21D4E07D-4D36-4ACB-B8EB-B6119D7E159C}
		{2CEC067E-0DBE-471D-BB48-0874542C0847} = {21D4E07D-4D36-4ACB-B8EB-B6119D7E159C}
	EndGlobalSection
	GlobalSection(ProjectConfigurationPlatforms) = postSolution
		{FB71953F-F24B-46D2-90F2-CE2731D6FB4C}.Debug|Any CPU.ActiveCfg = Debug|Any CPU
		{FB71953F-F24B-46D2-90F2-CE2731D6FB4C}.Debug|Any CPU.Build.0 = Debug|Any CPU
		{FB71953F-F24B-46D2-90F2-CE2731D6FB4C}.Release|Any CPU.ActiveCfg = Release|Any CPU
		{FB71953F-F24B-46D2-90F2-CE2731D6FB4C}.Release|Any CPU.Build.0 = Release|Any CPU
		{A7ED9132-D68A-4CA3-BFF9-2437D63D4980}.Debug|Any CPU.ActiveCfg = Debug|Any CPU
		{A7ED9132-D68A-4CA3-BFF9-2437D63D4980}.Debug|Any CPU.Build.0 = Debug|Any CPU
		{A7ED9132-D68A-4CA3-BFF9-2437D63D4980}.Release|Any CPU.ActiveCfg = Release|Any CPU
		{A7ED9132-D68A-4CA3-BFF9-2437D63D4980}.Release|Any CPU.Build.0 = Release|Any CPU
		{D7FA61B2-9456-40D5-8B24-BBB3447D1AE7}.Debug|Any CPU.ActiveCfg = Debug|Any CPU
		{D7FA61B2-9456-40D5-8B24-BBB3447D1AE7}.Debug|Any CPU.Build.0 = Debug|Any CPU
		{D7FA61B2-9456-40D5-8B24-BBB3447D1AE7}.Release|Any CPU.ActiveCfg = Release|Any CPU
		{D7FA61B2-9456-40D5-8B24-BBB3447D1AE7}.Release|Any CPU.Build.0 = Release|Any CPU
		{D268E6CD-AC91-4C29-A749-198FE4E5BBEE}.Debug|Any CPU.ActiveCfg = Debug|Any CPU
		{D268E6CD-AC91-4C29-A749-198FE4E5BBEE}.Debug|Any CPU.Build.0 = Debug|Any CPU
		{D268E6CD-AC91-4C29-A749-198FE4E5BBEE}.Release|Any CPU.ActiveCfg = Release|Any CPU
		{D268E6CD-AC91-4C29-A749-198FE4E5BBEE}.Release|Any CPU.Build.0 = Release|Any CPU
		{128A9C54-F76C-4FE5-8E15-76B9D86DB8E8}.Debug|Any CPU.ActiveCfg = Debug|Any CPU
		{128A9C54-F76C-4FE5-8E15-76B9D86DB8E8}.Debug|Any CPU.Build.0 = Debug|Any CPU
		{128A9C54-F76C-4FE5-8E15-76B9D86DB8E8}.Release|Any CPU.ActiveCfg = Release|Any CPU
		{128A9C54-F76C-4FE5-8E15-76B9D86DB8E8}.Release|Any CPU.Build.0 = Release|Any CPU
		{2CEC067E-0DBE-471D-BB48-0874542C0847}.Debug|Any CPU.ActiveCfg = Debug|Any CPU
		{2CEC067E-0DBE-471D-BB48-0874542C0847}.Debug|Any CPU.Build.0 = Debug|Any CPU
		{2CEC067E-0DBE-471D-BB48-0874542C0847}.Release|Any CPU.ActiveCfg = Release|Any CPU
		{2CEC067E-0DBE-471D-BB48-0874542C0847}.Release|Any CPU.Build.0 = Release|Any CPU
	EndGlobalSection
EndGlobal
